// !$*UTF8*$!
{
	archiveVersion = 1;
	classes = {
	};
	objectVersion = 55;
	objects = {

/* Begin PBXBuildFile section */
		84DAECA62883F1B100A26385 /* BounceAnimationEffect.swift in Sources */ = {isa = PBXBuildFile; fileRef = 84DAECA52883F1B100A26385 /* BounceAnimationEffect.swift */; };
		84DAECA9288403C000A26385 /* LikesCounter.swift in Sources */ = {isa = PBXBuildFile; fileRef = 84DAECA8288403C000A26385 /* LikesCounter.swift */; };
		84DC218028608CDD00A3F4EB /* VKApp_SwiftUIApp.swift in Sources */ = {isa = PBXBuildFile; fileRef = 84DC217F28608CDD00A3F4EB /* VKApp_SwiftUIApp.swift */; };
		84DC218228608CDD00A3F4EB /* LoginView.swift in Sources */ = {isa = PBXBuildFile; fileRef = 84DC218128608CDD00A3F4EB /* LoginView.swift */; };
		84DC218428608CDE00A3F4EB /* Assets.xcassets in Resources */ = {isa = PBXBuildFile; fileRef = 84DC218328608CDE00A3F4EB /* Assets.xcassets */; };
		84DC218728608CDE00A3F4EB /* Preview Assets.xcassets in Resources */ = {isa = PBXBuildFile; fileRef = 84DC218628608CDE00A3F4EB /* Preview Assets.xcassets */; };
		84DC2209286B5FD900A3F4EB /* UserCell.swift in Sources */ = {isa = PBXBuildFile; fileRef = 84DC2208286B5FD900A3F4EB /* UserCell.swift */; };
		84DC220B286B5FE700A3F4EB /* GroupCell.swift in Sources */ = {isa = PBXBuildFile; fileRef = 84DC220A286B5FE700A3F4EB /* GroupCell.swift */; };
		84DC2210286B728A00A3F4EB /* CellPictureViewBuilder.swift in Sources */ = {isa = PBXBuildFile; fileRef = 84DC220F286B728A00A3F4EB /* CellPictureViewBuilder.swift */; };
		84DC2212286E261E00A3F4EB /* MainView.swift in Sources */ = {isa = PBXBuildFile; fileRef = 84DC2211286E261E00A3F4EB /* MainView.swift */; };
		84DC2215286E268000A3F4EB /* FriendPhotoView.swift in Sources */ = {isa = PBXBuildFile; fileRef = 84DC2214286E268000A3F4EB /* FriendPhotoView.swift */; };
		84DC2218286E26FF00A3F4EB /* ContainerView.swift in Sources */ = {isa = PBXBuildFile; fileRef = 84DC2217286E26FF00A3F4EB /* ContainerView.swift */; };
		84DC221B286E2F1D00A3F4EB /* Friend.swift in Sources */ = {isa = PBXBuildFile; fileRef = 84DC221A286E2F1D00A3F4EB /* Friend.swift */; };
		84DC221D286F3F6600A3F4EB /* FriendsView.swift in Sources */ = {isa = PBXBuildFile; fileRef = 84DC221C286F3F6600A3F4EB /* FriendsView.swift */; };
		84DC221F286F422400A3F4EB /* GroupsView.swift in Sources */ = {isa = PBXBuildFile; fileRef = 84DC221E286F422400A3F4EB /* GroupsView.swift */; };
		84DC2221286F423700A3F4EB /* NewsView.swift in Sources */ = {isa = PBXBuildFile; fileRef = 84DC2220286F423700A3F4EB /* NewsView.swift */; };
		84DC2228286F43F400A3F4EB /* FriendPhoto.swift in Sources */ = {isa = PBXBuildFile; fileRef = 84DC2227286F43F400A3F4EB /* FriendPhoto.swift */; };
		84DC222A286F4A1A00A3F4EB /* FriendsHeaderView.swift in Sources */ = {isa = PBXBuildFile; fileRef = 84DC2229286F4A1A00A3F4EB /* FriendsHeaderView.swift */; };
		84DC223F28746CA800A3F4EB /* FriendsViewModel.swift in Sources */ = {isa = PBXBuildFile; fileRef = 84DC223E28746CA800A3F4EB /* FriendsViewModel.swift */; };
		84DC224228746E3C00A3F4EB /* NetworkService.swift in Sources */ = {isa = PBXBuildFile; fileRef = 84DC224128746E3C00A3F4EB /* NetworkService.swift */; };
		84DC2244287470E500A3F4EB /* SessionSingleton.swift in Sources */ = {isa = PBXBuildFile; fileRef = 84DC2243287470E500A3F4EB /* SessionSingleton.swift */; };
		84DC22512874721000A3F4EB /* FriendItems.swift in Sources */ = {isa = PBXBuildFile; fileRef = 84DC22462874721000A3F4EB /* FriendItems.swift */; };
		84DC22522874721000A3F4EB /* PhotoData.swift in Sources */ = {isa = PBXBuildFile; fileRef = 84DC22472874721000A3F4EB /* PhotoData.swift */; };
		84DC22532874721000A3F4EB /* GroupResponse.swift in Sources */ = {isa = PBXBuildFile; fileRef = 84DC22482874721000A3F4EB /* GroupResponse.swift */; };
		84DC22542874721000A3F4EB /* FriendData.swift in Sources */ = {isa = PBXBuildFile; fileRef = 84DC22492874721000A3F4EB /* FriendData.swift */; };
		84DC22552874721000A3F4EB /* PhotoResponse.swift in Sources */ = {isa = PBXBuildFile; fileRef = 84DC224A2874721000A3F4EB /* PhotoResponse.swift */; };
		84DC22562874721000A3F4EB /* FriendResponse.swift in Sources */ = {isa = PBXBuildFile; fileRef = 84DC224B2874721000A3F4EB /* FriendResponse.swift */; };
		84DC22572874721000A3F4EB /* PhotoItems.swift in Sources */ = {isa = PBXBuildFile; fileRef = 84DC224C2874721000A3F4EB /* PhotoItems.swift */; };
		84DC22582874721000A3F4EB /* GroupItems.swift in Sources */ = {isa = PBXBuildFile; fileRef = 84DC224D2874721000A3F4EB /* GroupItems.swift */; };
		84DC22592874721000A3F4EB /* PhotoSize.swift in Sources */ = {isa = PBXBuildFile; fileRef = 84DC224E2874721000A3F4EB /* PhotoSize.swift */; };
		84DC225A2874721000A3F4EB /* VKResponse.swift in Sources */ = {isa = PBXBuildFile; fileRef = 84DC224F2874721000A3F4EB /* VKResponse.swift */; };
		84DC225B2874721000A3F4EB /* GroupData.swift in Sources */ = {isa = PBXBuildFile; fileRef = 84DC22502874721000A3F4EB /* GroupData.swift */; };
		84DC225D2874A72100A3F4EB /* VKLoginWebView.swift in Sources */ = {isa = PBXBuildFile; fileRef = 84DC225C2874A72100A3F4EB /* VKLoginWebView.swift */; };
		84DC227328774A3700A3F4EB /* Kingfisher in Frameworks */ = {isa = PBXBuildFile; productRef = 84DC227228774A3700A3F4EB /* Kingfisher */; };
		84DC22762877523700A3F4EB /* StringDecorationPropertyWrapper.swift in Sources */ = {isa = PBXBuildFile; fileRef = 84DC22752877523700A3F4EB /* StringDecorationPropertyWrapper.swift */; };
/* End PBXBuildFile section */

/* Begin PBXFileReference section */
		84DAECA52883F1B100A26385 /* BounceAnimationEffect.swift */ = {isa = PBXFileReference; lastKnownFileType = sourcecode.swift; path = BounceAnimationEffect.swift; sourceTree = "<group>"; };
		84DAECA8288403C000A26385 /* LikesCounter.swift */ = {isa = PBXFileReference; lastKnownFileType = sourcecode.swift; path = LikesCounter.swift; sourceTree = "<group>"; };
		84DC217C28608CDD00A3F4EB /* VKApp_SwiftUI.app */ = {isa = PBXFileReference; explicitFileType = wrapper.application; includeInIndex = 0; path = VKApp_SwiftUI.app; sourceTree = BUILT_PRODUCTS_DIR; };
		84DC217F28608CDD00A3F4EB /* VKApp_SwiftUIApp.swift */ = {isa = PBXFileReference; lastKnownFileType = sourcecode.swift; path = VKApp_SwiftUIApp.swift; sourceTree = "<group>"; };
		84DC218128608CDD00A3F4EB /* LoginView.swift */ = {isa = PBXFileReference; lastKnownFileType = sourcecode.swift; path = LoginView.swift; sourceTree = "<group>"; };
		84DC218328608CDE00A3F4EB /* Assets.xcassets */ = {isa = PBXFileReference; lastKnownFileType = folder.assetcatalog; path = Assets.xcassets; sourceTree = "<group>"; };
		84DC218628608CDE00A3F4EB /* Preview Assets.xcassets */ = {isa = PBXFileReference; lastKnownFileType = folder.assetcatalog; path = "Preview Assets.xcassets"; sourceTree = "<group>"; };
		84DC2208286B5FD900A3F4EB /* UserCell.swift */ = {isa = PBXFileReference; lastKnownFileType = sourcecode.swift; path = UserCell.swift; sourceTree = "<group>"; };
		84DC220A286B5FE700A3F4EB /* GroupCell.swift */ = {isa = PBXFileReference; lastKnownFileType = sourcecode.swift; path = GroupCell.swift; sourceTree = "<group>"; };
		84DC220F286B728A00A3F4EB /* CellPictureViewBuilder.swift */ = {isa = PBXFileReference; lastKnownFileType = sourcecode.swift; path = CellPictureViewBuilder.swift; sourceTree = "<group>"; };
		84DC2211286E261E00A3F4EB /* MainView.swift */ = {isa = PBXFileReference; lastKnownFileType = sourcecode.swift; path = MainView.swift; sourceTree = "<group>"; };
		84DC2214286E268000A3F4EB /* FriendPhotoView.swift */ = {isa = PBXFileReference; lastKnownFileType = sourcecode.swift; path = FriendPhotoView.swift; sourceTree = "<group>"; };
		84DC2217286E26FF00A3F4EB /* ContainerView.swift */ = {isa = PBXFileReference; lastKnownFileType = sourcecode.swift; path = ContainerView.swift; sourceTree = "<group>"; };
		84DC221A286E2F1D00A3F4EB /* Friend.swift */ = {isa = PBXFileReference; lastKnownFileType = sourcecode.swift; path = Friend.swift; sourceTree = "<group>"; };
		84DC221C286F3F6600A3F4EB /* FriendsView.swift */ = {isa = PBXFileReference; lastKnownFileType = sourcecode.swift; path = FriendsView.swift; sourceTree = "<group>"; };
		84DC221E286F422400A3F4EB /* GroupsView.swift */ = {isa = PBXFileReference; lastKnownFileType = sourcecode.swift; path = GroupsView.swift; sourceTree = "<group>"; };
		84DC2220286F423700A3F4EB /* NewsView.swift */ = {isa = PBXFileReference; lastKnownFileType = sourcecode.swift; path = NewsView.swift; sourceTree = "<group>"; };
		84DC2227286F43F400A3F4EB /* FriendPhoto.swift */ = {isa = PBXFileReference; lastKnownFileType = sourcecode.swift; path = FriendPhoto.swift; sourceTree = "<group>"; };
		84DC2229286F4A1A00A3F4EB /* FriendsHeaderView.swift */ = {isa = PBXFileReference; lastKnownFileType = sourcecode.swift; path = FriendsHeaderView.swift; sourceTree = "<group>"; };
		84DC223E28746CA800A3F4EB /* FriendsViewModel.swift */ = {isa = PBXFileReference; lastKnownFileType = sourcecode.swift; path = FriendsViewModel.swift; sourceTree = "<group>"; };
		84DC224128746E3C00A3F4EB /* NetworkService.swift */ = {isa = PBXFileReference; lastKnownFileType = sourcecode.swift; path = NetworkService.swift; sourceTree = "<group>"; };
		84DC2243287470E500A3F4EB /* SessionSingleton.swift */ = {isa = PBXFileReference; lastKnownFileType = sourcecode.swift; path = SessionSingleton.swift; sourceTree = "<group>"; };
		84DC22462874721000A3F4EB /* FriendItems.swift */ = {isa = PBXFileReference; fileEncoding = 4; lastKnownFileType = sourcecode.swift; name = FriendItems.swift; path = "../../../../GB-iOS-UI/VK_App/VK_App/JSON Mapping/FriendItems.swift"; sourceTree = "<group>"; };
		84DC22472874721000A3F4EB /* PhotoData.swift */ = {isa = PBXFileReference; fileEncoding = 4; lastKnownFileType = sourcecode.swift; name = PhotoData.swift; path = "../../../../GB-iOS-UI/VK_App/VK_App/JSON Mapping/PhotoData.swift"; sourceTree = "<group>"; };
		84DC22482874721000A3F4EB /* GroupResponse.swift */ = {isa = PBXFileReference; fileEncoding = 4; lastKnownFileType = sourcecode.swift; name = GroupResponse.swift; path = "../../../../GB-iOS-UI/VK_App/VK_App/JSON Mapping/GroupResponse.swift"; sourceTree = "<group>"; };
		84DC22492874721000A3F4EB /* FriendData.swift */ = {isa = PBXFileReference; fileEncoding = 4; lastKnownFileType = sourcecode.swift; name = FriendData.swift; path = "../../../../GB-iOS-UI/VK_App/VK_App/JSON Mapping/FriendData.swift"; sourceTree = "<group>"; };
		84DC224A2874721000A3F4EB /* PhotoResponse.swift */ = {isa = PBXFileReference; fileEncoding = 4; lastKnownFileType = sourcecode.swift; name = PhotoResponse.swift; path = "../../../../GB-iOS-UI/VK_App/VK_App/JSON Mapping/PhotoResponse.swift"; sourceTree = "<group>"; };
		84DC224B2874721000A3F4EB /* FriendResponse.swift */ = {isa = PBXFileReference; fileEncoding = 4; lastKnownFileType = sourcecode.swift; name = FriendResponse.swift; path = "../../../../GB-iOS-UI/VK_App/VK_App/JSON Mapping/FriendResponse.swift"; sourceTree = "<group>"; };
		84DC224C2874721000A3F4EB /* PhotoItems.swift */ = {isa = PBXFileReference; fileEncoding = 4; lastKnownFileType = sourcecode.swift; name = PhotoItems.swift; path = "../../../../GB-iOS-UI/VK_App/VK_App/JSON Mapping/PhotoItems.swift"; sourceTree = "<group>"; };
		84DC224D2874721000A3F4EB /* GroupItems.swift */ = {isa = PBXFileReference; fileEncoding = 4; lastKnownFileType = sourcecode.swift; name = GroupItems.swift; path = "../../../../GB-iOS-UI/VK_App/VK_App/JSON Mapping/GroupItems.swift"; sourceTree = "<group>"; };
		84DC224E2874721000A3F4EB /* PhotoSize.swift */ = {isa = PBXFileReference; fileEncoding = 4; lastKnownFileType = sourcecode.swift; name = PhotoSize.swift; path = "../../../../GB-iOS-UI/VK_App/VK_App/JSON Mapping/PhotoSize.swift"; sourceTree = "<group>"; };
		84DC224F2874721000A3F4EB /* VKResponse.swift */ = {isa = PBXFileReference; fileEncoding = 4; lastKnownFileType = sourcecode.swift; name = VKResponse.swift; path = "../../../../GB-iOS-UI/VK_App/VK_App/JSON Mapping/VKResponse.swift"; sourceTree = "<group>"; };
		84DC22502874721000A3F4EB /* GroupData.swift */ = {isa = PBXFileReference; fileEncoding = 4; lastKnownFileType = sourcecode.swift; name = GroupData.swift; path = "../../../../GB-iOS-UI/VK_App/VK_App/JSON Mapping/GroupData.swift"; sourceTree = "<group>"; };
		84DC225C2874A72100A3F4EB /* VKLoginWebView.swift */ = {isa = PBXFileReference; lastKnownFileType = sourcecode.swift; path = VKLoginWebView.swift; sourceTree = "<group>"; };
		84DC22752877523700A3F4EB /* StringDecorationPropertyWrapper.swift */ = {isa = PBXFileReference; lastKnownFileType = sourcecode.swift; path = StringDecorationPropertyWrapper.swift; sourceTree = "<group>"; };
/* End PBXFileReference section */

/* Begin PBXFrameworksBuildPhase section */
		84DC217928608CDD00A3F4EB /* Frameworks */ = {
			isa = PBXFrameworksBuildPhase;
			buildActionMask = 2147483647;
			files = (
				84DC227328774A3700A3F4EB /* Kingfisher in Frameworks */,
			);
			runOnlyForDeploymentPostprocessing = 0;
		};
/* End PBXFrameworksBuildPhase section */

/* Begin PBXGroup section */
		84DAECA42883F18400A26385 /* Animations */ = {
			isa = PBXGroup;
			children = (
				84DAECA52883F1B100A26385 /* BounceAnimationEffect.swift */,
			);
			path = Animations;
			sourceTree = "<group>";
		};
		84DAECA7288403A600A26385 /* myViews */ = {
			isa = PBXGroup;
			children = (
				84DAECA8288403C000A26385 /* LikesCounter.swift */,
			);
			path = myViews;
			sourceTree = "<group>";
		};
		84DC217328608CDD00A3F4EB = {
			isa = PBXGroup;
			children = (
				84DC217E28608CDD00A3F4EB /* VKApp_SwiftUI */,
				84DC217D28608CDD00A3F4EB /* Products */,
			);
			sourceTree = "<group>";
		};
		84DC217D28608CDD00A3F4EB /* Products */ = {
			isa = PBXGroup;
			children = (
				84DC217C28608CDD00A3F4EB /* VKApp_SwiftUI.app */,
			);
			name = Products;
			sourceTree = "<group>";
		};
		84DC217E28608CDD00A3F4EB /* VKApp_SwiftUI */ = {
			isa = PBXGroup;
			children = (
				84DC22452874715000A3F4EB /* JSON Mapping */,
				84DC224028746E2400A3F4EB /* Services */,
				84DC2219286E2EF200A3F4EB /* Models */,
				84DC220D286B725B00A3F4EB /* Extensions */,
				84DC220C286B600500A3F4EB /* Views */,
				84DC2203286B5EFD00A3F4EB /* TableCells */,
				84DC217F28608CDD00A3F4EB /* VKApp_SwiftUIApp.swift */,
				84DC218328608CDE00A3F4EB /* Assets.xcassets */,
				84DC218528608CDE00A3F4EB /* Preview Content */,
			);
			path = VKApp_SwiftUI;
			sourceTree = "<group>";
		};
		84DC218528608CDE00A3F4EB /* Preview Content */ = {
			isa = PBXGroup;
			children = (
				84DC218628608CDE00A3F4EB /* Preview Assets.xcassets */,
			);
			path = "Preview Content";
			sourceTree = "<group>";
		};
		84DC2203286B5EFD00A3F4EB /* TableCells */ = {
			isa = PBXGroup;
			children = (
				84DC2208286B5FD900A3F4EB /* UserCell.swift */,
				84DC220A286B5FE700A3F4EB /* GroupCell.swift */,
			);
			path = TableCells;
			sourceTree = "<group>";
		};
		84DC220C286B600500A3F4EB /* Views */ = {
			isa = PBXGroup;
			children = (
				84DAECA7288403A600A26385 /* myViews */,
				84DC218128608CDD00A3F4EB /* LoginView.swift */,
				84DC2211286E261E00A3F4EB /* MainView.swift */,
				84DC2214286E268000A3F4EB /* FriendPhotoView.swift */,
				84DC221C286F3F6600A3F4EB /* FriendsView.swift */,
				84DC221E286F422400A3F4EB /* GroupsView.swift */,
				84DC2220286F423700A3F4EB /* NewsView.swift */,
				84DC2229286F4A1A00A3F4EB /* FriendsHeaderView.swift */,
				84DC225C2874A72100A3F4EB /* VKLoginWebView.swift */,
			);
			path = Views;
			sourceTree = "<group>";
		};
		84DC220D286B725B00A3F4EB /* Extensions */ = {
			isa = PBXGroup;
			children = (
				84DAECA42883F18400A26385 /* Animations */,
				84DC220F286B728A00A3F4EB /* CellPictureViewBuilder.swift */,
				84DC2217286E26FF00A3F4EB /* ContainerView.swift */,
				84DC22752877523700A3F4EB /* StringDecorationPropertyWrapper.swift */,
			);
			path = Extensions;
			sourceTree = "<group>";
		};
		84DC2219286E2EF200A3F4EB /* Models */ = {
			isa = PBXGroup;
			children = (
				84DC221A286E2F1D00A3F4EB /* Friend.swift */,
				84DC2227286F43F400A3F4EB /* FriendPhoto.swift */,
				84DC223E28746CA800A3F4EB /* FriendsViewModel.swift */,
				84DC2243287470E500A3F4EB /* SessionSingleton.swift */,
			);
			path = Models;
			sourceTree = "<group>";
		};
		84DC224028746E2400A3F4EB /* Services */ = {
			isa = PBXGroup;
			children = (
				84DC224128746E3C00A3F4EB /* NetworkService.swift */,
			);
			path = Services;
			sourceTree = "<group>";
		};
		84DC22452874715000A3F4EB /* JSON Mapping */ = {
			isa = PBXGroup;
			children = (
				84DC22492874721000A3F4EB /* FriendData.swift */,
				84DC22462874721000A3F4EB /* FriendItems.swift */,
				84DC224B2874721000A3F4EB /* FriendResponse.swift */,
				84DC22502874721000A3F4EB /* GroupData.swift */,
				84DC224D2874721000A3F4EB /* GroupItems.swift */,
				84DC22482874721000A3F4EB /* GroupResponse.swift */,
				84DC22472874721000A3F4EB /* PhotoData.swift */,
				84DC224C2874721000A3F4EB /* PhotoItems.swift */,
				84DC224A2874721000A3F4EB /* PhotoResponse.swift */,
				84DC224E2874721000A3F4EB /* PhotoSize.swift */,
				84DC224F2874721000A3F4EB /* VKResponse.swift */,
			);
			path = "JSON Mapping";
			sourceTree = "<group>";
		};
/* End PBXGroup section */

/* Begin PBXNativeTarget section */
		84DC217B28608CDD00A3F4EB /* VKApp_SwiftUI */ = {
			isa = PBXNativeTarget;
			buildConfigurationList = 84DC218A28608CDE00A3F4EB /* Build configuration list for PBXNativeTarget "VKApp_SwiftUI" */;
			buildPhases = (
				84DC217828608CDD00A3F4EB /* Sources */,
				84DC217928608CDD00A3F4EB /* Frameworks */,
				84DC217A28608CDD00A3F4EB /* Resources */,
			);
			buildRules = (
			);
			dependencies = (
			);
			name = VKApp_SwiftUI;
			packageProductDependencies = (
				84DC227228774A3700A3F4EB /* Kingfisher */,
			);
			productName = VKApp_SwiftUI;
			productReference = 84DC217C28608CDD00A3F4EB /* VKApp_SwiftUI.app */;
			productType = "com.apple.product-type.application";
		};
/* End PBXNativeTarget section */

/* Begin PBXProject section */
		84DC217428608CDD00A3F4EB /* Project object */ = {
			isa = PBXProject;
			attributes = {
				BuildIndependentTargetsInParallel = 1;
				LastSwiftUpdateCheck = 1320;
				LastUpgradeCheck = 1320;
				TargetAttributes = {
					84DC217B28608CDD00A3F4EB = {
						CreatedOnToolsVersion = 13.2.1;
					};
				};
			};
			buildConfigurationList = 84DC217728608CDD00A3F4EB /* Build configuration list for PBXProject "VKApp_SwiftUI" */;
			compatibilityVersion = "Xcode 13.0";
			developmentRegion = en;
			hasScannedForEncodings = 0;
			knownRegions = (
				en,
				Base,
			);
			mainGroup = 84DC217328608CDD00A3F4EB;
			packageReferences = (
				84DC227128774A3700A3F4EB /* XCRemoteSwiftPackageReference "Kingfisher" */,
			);
			productRefGroup = 84DC217D28608CDD00A3F4EB /* Products */;
			projectDirPath = "";
			projectRoot = "";
			targets = (
				84DC217B28608CDD00A3F4EB /* VKApp_SwiftUI */,
			);
		};
/* End PBXProject section */

/* Begin PBXResourcesBuildPhase section */
		84DC217A28608CDD00A3F4EB /* Resources */ = {
			isa = PBXResourcesBuildPhase;
			buildActionMask = 2147483647;
			files = (
				84DC218728608CDE00A3F4EB /* Preview Assets.xcassets in Resources */,
				84DC218428608CDE00A3F4EB /* Assets.xcassets in Resources */,
			);
			runOnlyForDeploymentPostprocessing = 0;
		};
/* End PBXResourcesBuildPhase section */

/* Begin PBXSourcesBuildPhase section */
		84DC217828608CDD00A3F4EB /* Sources */ = {
			isa = PBXSourcesBuildPhase;
			buildActionMask = 2147483647;
			files = (
				84DAECA62883F1B100A26385 /* BounceAnimationEffect.swift in Sources */,
				84DC221D286F3F6600A3F4EB /* FriendsView.swift in Sources */,
				84DC218228608CDD00A3F4EB /* LoginView.swift in Sources */,
				84DC22562874721000A3F4EB /* FriendResponse.swift in Sources */,
				84DC22532874721000A3F4EB /* GroupResponse.swift in Sources */,
				84DAECA9288403C000A26385 /* LikesCounter.swift in Sources */,
				84DC221F286F422400A3F4EB /* GroupsView.swift in Sources */,
				84DC225A2874721000A3F4EB /* VKResponse.swift in Sources */,
				84DC2212286E261E00A3F4EB /* MainView.swift in Sources */,
				84DC22762877523700A3F4EB /* StringDecorationPropertyWrapper.swift in Sources */,
				84DC22552874721000A3F4EB /* PhotoResponse.swift in Sources */,
				84DC218028608CDD00A3F4EB /* VKApp_SwiftUIApp.swift in Sources */,
				84DC223F28746CA800A3F4EB /* FriendsViewModel.swift in Sources */,
				84DC22522874721000A3F4EB /* PhotoData.swift in Sources */,
				84DC2228286F43F400A3F4EB /* FriendPhoto.swift in Sources */,
				84DC2210286B728A00A3F4EB /* CellPictureViewBuilder.swift in Sources */,
				84DC2218286E26FF00A3F4EB /* ContainerView.swift in Sources */,
				84DC225D2874A72100A3F4EB /* VKLoginWebView.swift in Sources */,
				84DC2209286B5FD900A3F4EB /* UserCell.swift in Sources */,
				84DC22512874721000A3F4EB /* FriendItems.swift in Sources */,
				84DC22542874721000A3F4EB /* FriendData.swift in Sources */,
				84DC225B2874721000A3F4EB /* GroupData.swift in Sources */,
				84DC224228746E3C00A3F4EB /* NetworkService.swift in Sources */,
				84DC2244287470E500A3F4EB /* SessionSingleton.swift in Sources */,
				84DC222A286F4A1A00A3F4EB /* FriendsHeaderView.swift in Sources */,
				84DC221B286E2F1D00A3F4EB /* Friend.swift in Sources */,
				84DC2221286F423700A3F4EB /* NewsView.swift in Sources */,
				84DC22592874721000A3F4EB /* PhotoSize.swift in Sources */,
				84DC2215286E268000A3F4EB /* FriendPhotoView.swift in Sources */,
				84DC22582874721000A3F4EB /* GroupItems.swift in Sources */,
				84DC220B286B5FE700A3F4EB /* GroupCell.swift in Sources */,
				84DC22572874721000A3F4EB /* PhotoItems.swift in Sources */,
			);
			runOnlyForDeploymentPostprocessing = 0;
		};
/* End PBXSourcesBuildPhase section */

/* Begin XCBuildConfiguration section */
		84DC218828608CDE00A3F4EB /* Debug */ = {
			isa = XCBuildConfiguration;
			buildSettings = {
				ALWAYS_SEARCH_USER_PATHS = NO;
				CLANG_ANALYZER_NONNULL = YES;
				CLANG_ANALYZER_NUMBER_OBJECT_CONVERSION = YES_AGGRESSIVE;
				CLANG_CXX_LANGUAGE_STANDARD = "gnu++17";
				CLANG_CXX_LIBRARY = "libc++";
				CLANG_ENABLE_MODULES = YES;
				CLANG_ENABLE_OBJC_ARC = YES;
				CLANG_ENABLE_OBJC_WEAK = YES;
				CLANG_WARN_BLOCK_CAPTURE_AUTORELEASING = YES;
				CLANG_WARN_BOOL_CONVERSION = YES;
				CLANG_WARN_COMMA = YES;
				CLANG_WARN_CONSTANT_CONVERSION = YES;
				CLANG_WARN_DEPRECATED_OBJC_IMPLEMENTATIONS = YES;
				CLANG_WARN_DIRECT_OBJC_ISA_USAGE = YES_ERROR;
				CLANG_WARN_DOCUMENTATION_COMMENTS = YES;
				CLANG_WARN_EMPTY_BODY = YES;
				CLANG_WARN_ENUM_CONVERSION = YES;
				CLANG_WARN_INFINITE_RECURSION = YES;
				CLANG_WARN_INT_CONVERSION = YES;
				CLANG_WARN_NON_LITERAL_NULL_CONVERSION = YES;
				CLANG_WARN_OBJC_IMPLICIT_RETAIN_SELF = YES;
				CLANG_WARN_OBJC_LITERAL_CONVERSION = YES;
				CLANG_WARN_OBJC_ROOT_CLASS = YES_ERROR;
				CLANG_WARN_QUOTED_INCLUDE_IN_FRAMEWORK_HEADER = YES;
				CLANG_WARN_RANGE_LOOP_ANALYSIS = YES;
				CLANG_WARN_STRICT_PROTOTYPES = YES;
				CLANG_WARN_SUSPICIOUS_MOVE = YES;
				CLANG_WARN_UNGUARDED_AVAILABILITY = YES_AGGRESSIVE;
				CLANG_WARN_UNREACHABLE_CODE = YES;
				CLANG_WARN__DUPLICATE_METHOD_MATCH = YES;
				COPY_PHASE_STRIP = NO;
				DEBUG_INFORMATION_FORMAT = dwarf;
				ENABLE_STRICT_OBJC_MSGSEND = YES;
				ENABLE_TESTABILITY = YES;
				GCC_C_LANGUAGE_STANDARD = gnu11;
				GCC_DYNAMIC_NO_PIC = NO;
				GCC_NO_COMMON_BLOCKS = YES;
				GCC_OPTIMIZATION_LEVEL = 0;
				GCC_PREPROCESSOR_DEFINITIONS = (
					"DEBUG=1",
					"$(inherited)",
				);
				GCC_WARN_64_TO_32_BIT_CONVERSION = YES;
				GCC_WARN_ABOUT_RETURN_TYPE = YES_ERROR;
				GCC_WARN_UNDECLARED_SELECTOR = YES;
				GCC_WARN_UNINITIALIZED_AUTOS = YES_AGGRESSIVE;
				GCC_WARN_UNUSED_FUNCTION = YES;
				GCC_WARN_UNUSED_VARIABLE = YES;
				IPHONEOS_DEPLOYMENT_TARGET = 15.2;
				MTL_ENABLE_DEBUG_INFO = INCLUDE_SOURCE;
				MTL_FAST_MATH = YES;
				ONLY_ACTIVE_ARCH = YES;
				SDKROOT = iphoneos;
				SWIFT_ACTIVE_COMPILATION_CONDITIONS = DEBUG;
				SWIFT_OPTIMIZATION_LEVEL = "-Onone";
			};
			name = Debug;
		};
		84DC218928608CDE00A3F4EB /* Release */ = {
			isa = XCBuildConfiguration;
			buildSettings = {
				ALWAYS_SEARCH_USER_PATHS = NO;
				CLANG_ANALYZER_NONNULL = YES;
				CLANG_ANALYZER_NUMBER_OBJECT_CONVERSION = YES_AGGRESSIVE;
				CLANG_CXX_LANGUAGE_STANDARD = "gnu++17";
				CLANG_CXX_LIBRARY = "libc++";
				CLANG_ENABLE_MODULES = YES;
				CLANG_ENABLE_OBJC_ARC = YES;
				CLANG_ENABLE_OBJC_WEAK = YES;
				CLANG_WARN_BLOCK_CAPTURE_AUTORELEASING = YES;
				CLANG_WARN_BOOL_CONVERSION = YES;
				CLANG_WARN_COMMA = YES;
				CLANG_WARN_CONSTANT_CONVERSION = YES;
				CLANG_WARN_DEPRECATED_OBJC_IMPLEMENTATIONS = YES;
				CLANG_WARN_DIRECT_OBJC_ISA_USAGE = YES_ERROR;
				CLANG_WARN_DOCUMENTATION_COMMENTS = YES;
				CLANG_WARN_EMPTY_BODY = YES;
				CLANG_WARN_ENUM_CONVERSION = YES;
				CLANG_WARN_INFINITE_RECURSION = YES;
				CLANG_WARN_INT_CONVERSION = YES;
				CLANG_WARN_NON_LITERAL_NULL_CONVERSION = YES;
				CLANG_WARN_OBJC_IMPLICIT_RETAIN_SELF = YES;
				CLANG_WARN_OBJC_LITERAL_CONVERSION = YES;
				CLANG_WARN_OBJC_ROOT_CLASS = YES_ERROR;
				CLANG_WARN_QUOTED_INCLUDE_IN_FRAMEWORK_HEADER = YES;
				CLANG_WARN_RANGE_LOOP_ANALYSIS = YES;
				CLANG_WARN_STRICT_PROTOTYPES = YES;
				CLANG_WARN_SUSPICIOUS_MOVE = YES;
				CLANG_WARN_UNGUARDED_AVAILABILITY = YES_AGGRESSIVE;
				CLANG_WARN_UNREACHABLE_CODE = YES;
				CLANG_WARN__DUPLICATE_METHOD_MATCH = YES;
				COPY_PHASE_STRIP = NO;
				DEBUG_INFORMATION_FORMAT = "dwarf-with-dsym";
				ENABLE_NS_ASSERTIONS = NO;
				ENABLE_STRICT_OBJC_MSGSEND = YES;
				GCC_C_LANGUAGE_STANDARD = gnu11;
				GCC_NO_COMMON_BLOCKS = YES;
				GCC_WARN_64_TO_32_BIT_CONVERSION = YES;
				GCC_WARN_ABOUT_RETURN_TYPE = YES_ERROR;
				GCC_WARN_UNDECLARED_SELECTOR = YES;
				GCC_WARN_UNINITIALIZED_AUTOS = YES_AGGRESSIVE;
				GCC_WARN_UNUSED_FUNCTION = YES;
				GCC_WARN_UNUSED_VARIABLE = YES;
				IPHONEOS_DEPLOYMENT_TARGET = 15.2;
				MTL_ENABLE_DEBUG_INFO = NO;
				MTL_FAST_MATH = YES;
				SDKROOT = iphoneos;
				SWIFT_COMPILATION_MODE = wholemodule;
				SWIFT_OPTIMIZATION_LEVEL = "-O";
				VALIDATE_PRODUCT = YES;
			};
			name = Release;
		};
		84DC218B28608CDE00A3F4EB /* Debug */ = {
			isa = XCBuildConfiguration;
			buildSettings = {
				ASSETCATALOG_COMPILER_APPICON_NAME = AppIcon;
				ASSETCATALOG_COMPILER_GLOBAL_ACCENT_COLOR_NAME = AccentColor;
				CODE_SIGN_STYLE = Automatic;
				CURRENT_PROJECT_VERSION = 1;
				DEVELOPMENT_ASSET_PATHS = "\"VKApp_SwiftUI/Preview Content\"";
				DEVELOPMENT_TEAM = 3JL4VHZJLR;
				ENABLE_PREVIEWS = YES;
				GENERATE_INFOPLIST_FILE = YES;
				INFOPLIST_KEY_UIApplicationSceneManifest_Generation = YES;
				INFOPLIST_KEY_UIApplicationSupportsIndirectInputEvents = YES;
				INFOPLIST_KEY_UILaunchScreen_Generation = YES;
				INFOPLIST_KEY_UISupportedInterfaceOrientations_iPad = "UIInterfaceOrientationPortrait UIInterfaceOrientationPortraitUpsideDown UIInterfaceOrientationLandscapeLeft UIInterfaceOrientationLandscapeRight";
				INFOPLIST_KEY_UISupportedInterfaceOrientations_iPhone = "UIInterfaceOrientationPortrait UIInterfaceOrientationLandscapeLeft UIInterfaceOrientationLandscapeRight";
				LD_RUNPATH_SEARCH_PATHS = (
					"$(inherited)",
					"@executable_path/Frameworks",
				);
				MARKETING_VERSION = 1.0;
				PRODUCT_BUNDLE_IDENTIFIER = "mertensoid.VKApp-SwiftUI";
				PRODUCT_NAME = "$(TARGET_NAME)";
				SWIFT_EMIT_LOC_STRINGS = YES;
				SWIFT_VERSION = 5.0;
				TARGETED_DEVICE_FAMILY = "1,2";
			};
			name = Debug;
		};
		84DC218C28608CDE00A3F4EB /* Release */ = {
			isa = XCBuildConfiguration;
			buildSettings = {
				ASSETCATALOG_COMPILER_APPICON_NAME = AppIcon;
				ASSETCATALOG_COMPILER_GLOBAL_ACCENT_COLOR_NAME = AccentColor;
				CODE_SIGN_STYLE = Automatic;
				CURRENT_PROJECT_VERSION = 1;
				DEVELOPMENT_ASSET_PATHS = "\"VKApp_SwiftUI/Preview Content\"";
				DEVELOPMENT_TEAM = 3JL4VHZJLR;
				ENABLE_PREVIEWS = YES;
				GENERATE_INFOPLIST_FILE = YES;
				INFOPLIST_KEY_UIApplicationSceneManifest_Generation = YES;
				INFOPLIST_KEY_UIApplicationSupportsIndirectInputEvents = YES;
				INFOPLIST_KEY_UILaunchScreen_Generation = YES;
				INFOPLIST_KEY_UISupportedInterfaceOrientations_iPad = "UIInterfaceOrientationPortrait UIInterfaceOrientationPortraitUpsideDown UIInterfaceOrientationLandscapeLeft UIInterfaceOrientationLandscapeRight";
				INFOPLIST_KEY_UISupportedInterfaceOrientations_iPhone = "UIInterfaceOrientationPortrait UIInterfaceOrientationLandscapeLeft UIInterfaceOrientationLandscapeRight";
				LD_RUNPATH_SEARCH_PATHS = (
					"$(inherited)",
					"@executable_path/Frameworks",
				);
				MARKETING_VERSION = 1.0;
				PRODUCT_BUNDLE_IDENTIFIER = "mertensoid.VKApp-SwiftUI";
				PRODUCT_NAME = "$(TARGET_NAME)";
				SWIFT_EMIT_LOC_STRINGS = YES;
				SWIFT_VERSION = 5.0;
				TARGETED_DEVICE_FAMILY = "1,2";
			};
			name = Release;
		};
/* End XCBuildConfiguration section */

/* Begin XCConfigurationList section */
		84DC217728608CDD00A3F4EB /* Build configuration list for PBXProject "VKApp_SwiftUI" */ = {
			isa = XCConfigurationList;
			buildConfigurations = (
				84DC218828608CDE00A3F4EB /* Debug */,
				84DC218928608CDE00A3F4EB /* Release */,
			);
			defaultConfigurationIsVisible = 0;
			defaultConfigurationName = Release;
		};
		84DC218A28608CDE00A3F4EB /* Build configuration list for PBXNativeTarget "VKApp_SwiftUI" */ = {
			isa = XCConfigurationList;
			buildConfigurations = (
				84DC218B28608CDE00A3F4EB /* Debug */,
				84DC218C28608CDE00A3F4EB /* Release */,
			);
			defaultConfigurationIsVisible = 0;
			defaultConfigurationName = Release;
		};
/* End XCConfigurationList section */

/* Begin XCRemoteSwiftPackageReference section */
		84DC227128774A3700A3F4EB /* XCRemoteSwiftPackageReference "Kingfisher" */ = {
			isa = XCRemoteSwiftPackageReference;
			repositoryURL = "https://github.com/onevcat/Kingfisher.git";
			requirement = {
				kind = upToNextMajorVersion;
				minimumVersion = 7.0.0;
			};
		};
/* End XCRemoteSwiftPackageReference section */

/* Begin XCSwiftPackageProductDependency section */
		84DC227228774A3700A3F4EB /* Kingfisher */ = {
			isa = XCSwiftPackageProductDependency;
			package = 84DC227128774A3700A3F4EB /* XCRemoteSwiftPackageReference "Kingfisher" */;
			productName = Kingfisher;
		};
/* End XCSwiftPackageProductDependency section */
	};
	rootObject = 84DC217428608CDD00A3F4EB /* Project object */;
}
